
Microsoft Visual Studio Solution File, Format Version 12.00
# Visual Studio Version 17
VisualStudioVersion = 17.13.35825.156
MinimumVisualStudioVersion = 10.0.40219.1
Project("{FAE04EC0-301F-11D3-BF4B-00C04F79EFBC}") = "KnapsackProblem", "KnapsackProblem.csproj", "{50CE0561-678B-4017-8766-6C10EC9C8035}"
EndProject
Project("{FAE04EC0-301F-11D3-BF4B-00C04F79EFBC}") = "KnapsackProblemTests", "..\Tests\KnapsackProblemTests.csproj", "{D1CD0A65-DF92-4F95-88E1-B896E493639E}"
EndProject
Project("{FAE04EC0-301F-11D3-BF4B-00C04F79EFBC}") = "KnapsackProblemForm", "..\WinFormsApp1\KnapsackProblemForm.csproj", "{C6F1A99D-6950-4D56-BC3C-8E44AACC6EEE}"
EndProject
Global
	GlobalSection(SolutionConfigurationPlatforms) = preSolution
		Debug|Any CPU = Debug|Any CPU
		Release|Any CPU = Release|Any CPU
	EndGlobalSection
	GlobalSection(ProjectConfigurationPlatforms) = postSolution
		{50CE0561-678B-4017-8766-6C10EC9C8035}.Debug|Any CPU.ActiveCfg = Debug|Any CPU
		{50CE0561-678B-4017-8766-6C10EC9C8035}.Debug|Any CPU.Build.0 = Debug|Any CPU
		{50CE0561-678B-4017-8766-6C10EC9C8035}.Release|Any CPU.ActiveCfg = Release|Any CPU
		{50CE0561-678B-4017-8766-6C10EC9C8035}.Release|Any CPU.Build.0 = Release|Any CPU
		{D1CD0A65-DF92-4F95-88E1-B896E493639E}.Debug|Any CPU.ActiveCfg = Debug|Any CPU
		{D1CD0A65-DF92-4F95-88E1-B896E493639E}.Debug|Any CPU.Build.0 = Debug|Any CPU
		{D1CD0A65-DF92-4F95-88E1-B896E493639E}.Release|Any CPU.ActiveCfg = Release|Any CPU
		{D1CD0A65-DF92-4F95-88E1-B896E493639E}.Release|Any CPU.Build.0 = Release|Any CPU
		{C6F1A99D-6950-4D56-BC3C-8E44AACC6EEE}.Debug|Any CPU.ActiveCfg = Debug|Any CPU
		{C6F1A99D-6950-4D56-BC3C-8E44AACC6EEE}.Debug|Any CPU.Build.0 = Debug|Any CPU
		{C6F1A99D-6950-4D56-BC3C-8E44AACC6EEE}.Release|Any CPU.ActiveCfg = Release|Any CPU
		{C6F1A99D-6950-4D56-BC3C-8E44AACC6EEE}.Release|Any CPU.Build.0 = Release|Any CPU
	EndGlobalSection
	GlobalSection(SolutionProperties) = preSolution
		HideSolutionNode = FALSE
	EndGlobalSection
	GlobalSection(ExtensibilityGlobals) = postSolution
		SolutionGuid = {0C572F0F-4C28-4108-A16F-4849066892AD}
	EndGlobalSection
EndGlobal
